
Microsoft Visual Studio Solution File, Format Version 12.00
# Visual Studio Version 17
VisualStudioVersion = 17.1.32407.343
MinimumVisualStudioVersion = 10.0.40219.1
Project("{FAE04EC0-301F-11D3-BF4B-00C04F79EFBC}") = "WebHangFire", "WebHangFire\WebHangFire.csproj", "{D0F13BCB-3DB7-486B-B640-D1D0901C564C}"
EndProject
Global
	GlobalSection(SolutionConfigurationPlatforms) = preSolution
		Debug|Any CPU = Debug|Any CPU
		Release|Any CPU = Release|Any CPU
	EndGlobalSection
	GlobalSection(ProjectConfigurationPlatforms) = postSolution
		{D0F13BCB-3DB7-486B-B640-D1D0901C564C}.Debug|Any CPU.ActiveCfg = Debug|Any CPU
		{D0F13BCB-3DB7-486B-B640-D1D0901C564C}.Debug|Any CPU.Build.0 = Debug|Any CPU
		{D0F13BCB-3DB7-486B-B640-D1D0901C564C}.Release|Any CPU.ActiveCfg = Release|Any CPU
		{D0F13BCB-3DB7-486B-B640-D1D0901C564C}.Release|Any CPU.Build.0 = Release|Any CPU
	EndGlobalSection
	GlobalSection(SolutionProperties) = preSolution
		HideSolutionNode = FALSE
	EndGlobalSection
	GlobalSection(ExtensibilityGlobals) = postSolution
		SolutionGuid = {891EC974-8E97-4B41-8460-9B17D223813E}
	EndGlobalSection
EndGlobal
